
Microsoft Visual Studio Solution File, Format Version 12.00
# Visual Studio Version 17
VisualStudioVersion = 17.11.35222.181
MinimumVisualStudioVersion = 10.0.40219.1
Project("{9A19103F-16F7-4668-BE54-9A1E7A4F7556}") = "MyBlogNight.EntityLayer", "MyBlogNight.EntityLayer\MyBlogNight.EntityLayer.csproj", "{9EE0AEA1-6E11-4A5F-A5D6-5A7397027287}"
EndProject
Project("{FAE04EC0-301F-11D3-BF4B-00C04F79EFBC}") = "MyBlogNight.DataAccessLayer", "MyBlogNight.DataAccessLayer\MyBlogNight.DataAccessLayer.csproj", "{58CD2D23-BB87-4069-8CF1-E73EFED769EE}"
EndProject
Project("{FAE04EC0-301F-11D3-BF4B-00C04F79EFBC}") = "MyBlogNight.BusinessLayer", "MyBlogNight.BusinessLayer\MyBlogNight.BusinessLayer.csproj", "{0EBFC8F6-746B-4818-B2DC-F51A10383326}"
EndProject
Project("{FAE04EC0-301F-11D3-BF4B-00C04F79EFBC}") = "MyBlogNight.DtoLayer", "MyBlogNight.DtoLayer\MyBlogNight.DtoLayer.csproj", "{A156E10A-817A-4D47-95BF-450821A654A8}"
EndProject
Project("{FAE04EC0-301F-11D3-BF4B-00C04F79EFBC}") = "MyBlogNight.PresentationLayer", "MyBlogNight.PresentationLayer\MyBlogNight.PresentationLayer.csproj", "{4F520C79-18FF-409C-96CC-947BDA03BE42}"
EndProject
Global
	GlobalSection(SolutionConfigurationPlatforms) = preSolution
		Debug|Any CPU = Debug|Any CPU
		Release|Any CPU = Release|Any CPU
	EndGlobalSection
	GlobalSection(ProjectConfigurationPlatforms) = postSolution
		{9EE0AEA1-6E11-4A5F-A5D6-5A7397027287}.Debug|Any CPU.ActiveCfg = Debug|Any CPU
		{9EE0AEA1-6E11-4A5F-A5D6-5A7397027287}.Debug|Any CPU.Build.0 = Debug|Any CPU
		{9EE0AEA1-6E11-4A5F-A5D6-5A7397027287}.Release|Any CPU.ActiveCfg = Release|Any CPU
		{9EE0AEA1-6E11-4A5F-A5D6-5A7397027287}.Release|Any CPU.Build.0 = Release|Any CPU
		{58CD2D23-BB87-4069-8CF1-E73EFED769EE}.Debug|Any CPU.ActiveCfg = Debug|Any CPU
		{58CD2D23-BB87-4069-8CF1-E73EFED769EE}.Debug|Any CPU.Build.0 = Debug|Any CPU
		{58CD2D23-BB87-4069-8CF1-E73EFED769EE}.Release|Any CPU.ActiveCfg = Release|Any CPU
		{58CD2D23-BB87-4069-8CF1-E73EFED769EE}.Release|Any CPU.Build.0 = Release|Any CPU
		{0EBFC8F6-746B-4818-B2DC-F51A10383326}.Debug|Any CPU.ActiveCfg = Debug|Any CPU
		{0EBFC8F6-746B-4818-B2DC-F51A10383326}.Debug|Any CPU.Build.0 = Debug|Any CPU
		{0EBFC8F6-746B-4818-B2DC-F51A10383326}.Release|Any CPU.ActiveCfg = Release|Any CPU
		{0EBFC8F6-746B-4818-B2DC-F51A10383326}.Release|Any CPU.Build.0 = Release|Any CPU
		{A156E10A-817A-4D47-95BF-450821A654A8}.Debug|Any CPU.ActiveCfg = Debug|Any CPU
		{A156E10A-817A-4D47-95BF-450821A654A8}.Debug|Any CPU.Build.0 = Debug|Any CPU
		{A156E10A-817A-4D47-95BF-450821A654A8}.Release|Any CPU.ActiveCfg = Release|Any CPU
		{A156E10A-817A-4D47-95BF-450821A654A8}.Release|Any CPU.Build.0 = Release|Any CPU
		{4F520C79-18FF-409C-96CC-947BDA03BE42}.Debug|Any CPU.ActiveCfg = Debug|Any CPU
		{4F520C79-18FF-409C-96CC-947BDA03BE42}.Debug|Any CPU.Build.0 = Debug|Any CPU
		{4F520C79-18FF-409C-96CC-947BDA03BE42}.Release|Any CPU.ActiveCfg = Release|Any CPU
		{4F520C79-18FF-409C-96CC-947BDA03BE42}.Release|Any CPU.Build.0 = Release|Any CPU
	EndGlobalSection
	GlobalSection(SolutionProperties) = preSolution
		HideSolutionNode = FALSE
	EndGlobalSection
	GlobalSection(ExtensibilityGlobals) = postSolution
		SolutionGuid = {8DD6A93B-3BE5-4693-93BA-B052844675B5}
	EndGlobalSection
EndGlobal
